
Microsoft Visual Studio Solution File, Format Version 12.00
# Visual Studio 14
VisualStudioVersion = 14.0.25420.1
MinimumVisualStudioVersion = 10.0.40219.1
Project("{FAE04EC0-301F-11D3-BF4B-00C04F79EFBC}") = "RealStoriesExposed", "RealStoriesExposed\RealStoriesExposed.csproj", "{B4454B9F-76B8-47CD-B560-BCB8DAD464DF}"
EndProject
Project("{FAE04EC0-301F-11D3-BF4B-00C04F79EFBC}") = "RealStoriesExposed.Tests", "RealStoriesExposed.Tests\RealStoriesExposed.Tests.csproj", "{A0E0329A-F4CF-4DF7-B8F4-D28A59BBF040}"
EndProject
Project("{FAE04EC0-301F-11D3-BF4B-00C04F79EFBC}") = "RealStoriesExposed.Data", "RealStoriesExposed.Data\RealStoriesExposed.Data.csproj", "{D6746B06-3703-4EE5-ABDA-772DC57A2CED}"
EndProject
Project("{FAE04EC0-301F-11D3-BF4B-00C04F79EFBC}") = "RealStoriesExposed.Models", "RealStoriesExposed.Models\RealStoriesExposed.Models.csproj", "{BA4A0A25-EF68-4CC8-B113-9762C7290E03}"
EndProject
Project("{FAE04EC0-301F-11D3-BF4B-00C04F79EFBC}") = "RealStoriesExposed.Common", "RealStoriesExposed.Common\RealStoriesExposed.Common.csproj", "{6E92BBE0-6706-4FF1-B798-870F4FFD79F1}"
EndProject
Project("{FAE04EC0-301F-11D3-BF4B-00C04F79EFBC}") = "RealStoriesExposed.Services", "RealStoriesExposed.Services\RealStoriesExposed.Services.csproj", "{D5D23751-EAC7-4EC9-918B-57732EB9DB6D}"
EndProject
Global
	GlobalSection(SolutionConfigurationPlatforms) = preSolution
		Debug|Any CPU = Debug|Any CPU
		Release|Any CPU = Release|Any CPU
	EndGlobalSection
	GlobalSection(ProjectConfigurationPlatforms) = postSolution
		{B4454B9F-76B8-47CD-B560-BCB8DAD464DF}.Debug|Any CPU.ActiveCfg = Debug|Any CPU
		{B4454B9F-76B8-47CD-B560-BCB8DAD464DF}.Debug|Any CPU.Build.0 = Debug|Any CPU
		{B4454B9F-76B8-47CD-B560-BCB8DAD464DF}.Release|Any CPU.ActiveCfg = Release|Any CPU
		{B4454B9F-76B8-47CD-B560-BCB8DAD464DF}.Release|Any CPU.Build.0 = Release|Any CPU
		{A0E0329A-F4CF-4DF7-B8F4-D28A59BBF040}.Debug|Any CPU.ActiveCfg = Debug|Any CPU
		{A0E0329A-F4CF-4DF7-B8F4-D28A59BBF040}.Debug|Any CPU.Build.0 = Debug|Any CPU
		{A0E0329A-F4CF-4DF7-B8F4-D28A59BBF040}.Release|Any CPU.ActiveCfg = Release|Any CPU
		{A0E0329A-F4CF-4DF7-B8F4-D28A59BBF040}.Release|Any CPU.Build.0 = Release|Any CPU
		{D6746B06-3703-4EE5-ABDA-772DC57A2CED}.Debug|Any CPU.ActiveCfg = Debug|Any CPU
		{D6746B06-3703-4EE5-ABDA-772DC57A2CED}.Debug|Any CPU.Build.0 = Debug|Any CPU
		{D6746B06-3703-4EE5-ABDA-772DC57A2CED}.Release|Any CPU.ActiveCfg = Release|Any CPU
		{D6746B06-3703-4EE5-ABDA-772DC57A2CED}.Release|Any CPU.Build.0 = Release|Any CPU
		{BA4A0A25-EF68-4CC8-B113-9762C7290E03}.Debug|Any CPU.ActiveCfg = Debug|Any CPU
		{BA4A0A25-EF68-4CC8-B113-9762C7290E03}.Debug|Any CPU.Build.0 = Debug|Any CPU
		{BA4A0A25-EF68-4CC8-B113-9762C7290E03}.Release|Any CPU.ActiveCfg = Release|Any CPU
		{BA4A0A25-EF68-4CC8-B113-9762C7290E03}.Release|Any CPU.Build.0 = Release|Any CPU
		{6E92BBE0-6706-4FF1-B798-870F4FFD79F1}.Debug|Any CPU.ActiveCfg = Debug|Any CPU
		{6E92BBE0-6706-4FF1-B798-870F4FFD79F1}.Debug|Any CPU.Build.0 = Debug|Any CPU
		{6E92BBE0-6706-4FF1-B798-870F4FFD79F1}.Release|Any CPU.ActiveCfg = Release|Any CPU
		{6E92BBE0-6706-4FF1-B798-870F4FFD79F1}.Release|Any CPU.Build.0 = Release|Any CPU
		{D5D23751-EAC7-4EC9-918B-57732EB9DB6D}.Debug|Any CPU.ActiveCfg = Debug|Any CPU
		{D5D23751-EAC7-4EC9-918B-57732EB9DB6D}.Debug|Any CPU.Build.0 = Debug|Any CPU
		{D5D23751-EAC7-4EC9-918B-57732EB9DB6D}.Release|Any CPU.ActiveCfg = Release|Any CPU
		{D5D23751-EAC7-4EC9-918B-57732EB9DB6D}.Release|Any CPU.Build.0 = Release|Any CPU
	EndGlobalSection
	GlobalSection(SolutionProperties) = preSolution
		HideSolutionNode = FALSE
	EndGlobalSection
EndGlobal
